github.com/gethugothemes/hugo-modules/accordion v0.0.0-20230823074046-d7ebb75df8b9 h1:XBQQkZw/aWHICFZb2j0kwMiSCnpH6gyWuz9K1Ljkuzw=
github.com/gethugothemes/hugo-modules/accordion v0.0.0-20230823074046-d7ebb75df8b9/go.mod h1:D4DpauKPDcUHI9CVKYmJeO6bkSJIhUN864TyXZ2o0VI=
github.com/gethugothemes/hugo-modules/adsense v0.0.0-20230823074046-d7ebb75df8b9 h1:kfOXIdwyTMiKMTo2jWaaXY0gYajLygsKZne6VlG+izw=
github.com/gethugothemes/hugo-modules/adsense v0.0.0-20230823074046-d7ebb75df8b9/go.mod h1:8p/gG/cyyu20z4q5cFN/JGE5TOFA55Xsp+aIP9KCsqo=
github.com/gethugothemes/hugo-modules/components/cookie-consent v0.0.0-20230823074046-d7ebb75df8b9 h1:1uLsqiWKAithW1zqujwzDRZRmechFTmL4KYa6U6rPpE=
github.com/gethugothemes/hugo-modules/components/cookie-consent v0.0.0-20230823074046-d7ebb75df8b9/go.mod h1:511ERLpGe3ZTfV2z/NAtUSR5NqKF26h9z5lU/zYV4YQ=
github.com/gethugothemes/hugo-modules/components/crisp-chat v0.0.0-20230823074046-d7ebb75df8b9 h1:YFcZThmqVzc3nZY1xm412WYxTu4H81XuRREyv78dqd4=
github.com/gethugothemes/hugo-modules/components/crisp-chat v0.0.0-20230823074046-d7ebb75df8b9/go.mod h1:qiV/PIeVY59RD2W885rFWc7b62uovQZO6VPFHeP5LT0=
github.com/gethugothemes/hugo-modules/components/custom-script v0.0.0-20230823074046-d7ebb75df8b9 h1:f6EO3RoIgn4oBqD3QUe52NsEbS2tubvPfrcE5ZaoKOA=
github.com/gethugothemes/hugo-modules/components/custom-script v0.0.0-20230823074046-d7ebb75df8b9/go.mod h1:RuDHq4WnK8sNEzAIJr4BZQ7oXhzcct/EKaAxc2Xvi9E=
github.com/gethugothemes/hugo-modules/components/render-link v0.0.0-20230823074046-d7ebb75df8b9 h1:7JJmsPuSeCE4Q0EfN1XRIoenOPyArbonmyGkWpjZxOQ=
github.com/gethugothemes/hugo-modules/components/render-link v0.0.0-20230823074046-d7ebb75df8b9/go.mod h1:z3YcIeEBUonAoRDY1/Jv1ojNVkZ5ud35a0Nn8L4Inx0=
github.com/gethugothemes/hugo-modules/components/social-share v0.0.0-20230823074046-d7ebb75df8b9 h1:ooFEBlIB941ep4EDOjbsS3xNQUxGtjZpIYNa6HKjPyc=
github.com/gethugothemes/hugo-modules/components/social-share v0.0.0-20230823074046-d7ebb75df8b9/go.mod h1:Gcj4RM/EBECsJMZnPeWjfy/1roRYGqzV9GYNmeHkvFA=
github.com/gethugothemes/hugo-modules/components/valine-comment v0.0.0-20230823074046-d7ebb75df8b9 h1:JqX7UBgINU+v24eMTu9jlNkxfdX0+nYvLbtHnFaE3zQ=
github.com/gethugothemes/hugo-modules/components/valine-comment v0.0.0-20230823074046-d7ebb75df8b9/go.mod h1:fqeY2MbVoFf9OB8dtyJTnfNNa3qChIX9wsY32VVBYrQ=
github.com/gethugothemes/hugo-modules/gallery-slider v0.0.0-20230823074046-d7ebb75df8b9 h1:r6PL90lG3m9MDThcCnNCEhI71gvNyeODQTy2hz8VIYI=
github.com/gethugothemes/hugo-modules/gallery-slider v0.0.0-20230823074046-d7ebb75df8b9/go.mod h1:MvQ2js/ofZ22CTX5wuvE+dC0rMe6C5HAWL2fEOu/yzE=
github.com/gethugothemes/hugo-modules/gzip-caching v0.0.0-20230823074046-d7ebb75df8b9 h1:S2c7/1bYK67n0FLiGUPcgJ8MZdiwQA0nE+cTDJUeHCw=
github.com/gethugothemes/hugo-modules/gzip-caching v0.0.0-20230823074046-d7ebb75df8b9/go.mod h1:0ZMjTZVG4XLZU2/icc8Saqo4mmgMpfRTrUZU2Aa2Pwg=
github.com/gethugothemes/hugo-modules/icons/font-awesome v0.0.0-20230823074046-d7ebb75df8b9 h1:NzaWAj62wJ1ZAbB+pJb8Vw16kbSRSk6SNn6LzaVVAfQ=
github.com/gethugothemes/hugo-modules/icons/font-awesome v0.0.0-20230823074046-d7ebb75df8b9/go.mod h1:d3gy1vQyfasPmGpau7HpQLrXbOv23PfXclSnjyOBxeU=
github.com/gethugothemes/hugo-modules/images v0.0.0-20230823074046-d7ebb75df8b9 h1:l4LDI7T3tK//vOOKlx3DlvcG+4lU5GJjyAoPNi6QKDg=
github.com/gethugothemes/hugo-modules/images v0.0.0-20230823074046-d7ebb75df8b9/go.mod h1:FKliP3qOW9diIcQeLtyZ0Hdhg3PL8bdAkC/6O+XtU90=
github.com/gethugothemes/hugo-modules/pwa v0.0.0-20230823074046-d7ebb75df8b9 h1:tSkNTpzcxtWyqh/Yy5x9r3lxoqDlYS12+vFVGlyc0KI=
github.com/gethugothemes/hugo-modules/pwa v0.0.0-20230823074046-d7ebb75df8b9/go.mod h1:TRv7iszdfo37O1PbBEE+S8X/enAdpRIxK5DGrp13Qbo=
github.com/gethugothemes/hugo-modules/seo-tools/baidu-analytics v0.0.0-20230823074046-d7ebb75df8b9 h1:6M3moAu8K3af6MV6ySHLoTKAGwG1XBsK6ZXc5y6LS8Y=
github.com/gethugothemes/hugo-modules/seo-tools/baidu-analytics v0.0.0-20230823074046-d7ebb75df8b9/go.mod h1:D/bbq2hSHE+r582zpC3rEdvuk8GufDnq9sGL3xCk/C0=
github.com/gethugothemes/hugo-modules/seo-tools/basic-seo v0.0.0-20230823074046-d7ebb75df8b9 h1:QF/Zoj/97wm+SgOFZQTt9v8RpL7uSUq1sQyKwmVIMB8=
github.com/gethugothemes/hugo-modules/seo-tools/basic-seo v0.0.0-20230823074046-d7ebb75df8b9/go.mod h1:Q8dPgjamV7pxwKSQyWV21Xwh5CGi23/k+M8HPTphYbs=
github.com/gethugothemes/hugo-modules/seo-tools/counter-analytics v0.0.0-20230823074046-d7ebb75df8b9 h1:Sa9TBtMKjkh+79CWF2dss4OcJ7iEuqMXnrYXQk/VM+E=
github.com/gethugothemes/hugo-modules/seo-tools/counter-analytics v0.0.0-20230823074046-d7ebb75df8b9/go.mod h1:3kPooRg0PWUkciccThPQbBvIpTfSCo7W9mc3a5GxXHs=
github.com/gethugothemes/hugo-modules/seo-tools/google-tag-manager v0.0.0-20230823074046-d7ebb75df8b9 h1:vpNZGObeVUdRnRzFbcxFv1sfXhARXGme6Yl4JPcC8dg=
github.com/gethugothemes/hugo-modules/seo-tools/google-tag-manager v0.0.0-20230823074046-d7ebb75df8b9/go.mod h1:cCq50yd55eFTrpqOfeyOK5X0hU5E7qxsqOD7IzTsgLA=
github.com/gethugothemes/hugo-modules/seo-tools/matomo-analytics v0.0.0-20230823074046-d7ebb75df8b9 h1:Ri7IDPmnSX15rgE2so5zi2y4003oWeMWde7+LcgGb3g=
github.com/gethugothemes/hugo-modules/seo-tools/matomo-analytics v0.0.0-20230823074046-d7ebb75df8b9/go.mod h1:P2GLltWjXFBJlatFKh4l6WOBszW7+f09myLkZoBBgEs=
github.com/gethugothemes/hugo-modules/seo-tools/plausible-analytics v0.0.0-20230823074046-d7ebb75df8b9 h1:udwTpbRlTjMuJU93i9KFmN1SiWnYu02B0NI5++LvG8s=
github.com/gethugothemes/hugo-modules/seo-tools/plausible-analytics v0.0.0-20230823074046-d7ebb75df8b9/go.mod h1:MOJtK8ttzyqQiqs0xQkk6xgPaxGbcH7WI5thobpNvqg=
github.com/gethugothemes/hugo-modules/seo-tools/site-verifications v0.0.0-20230823074046-d7ebb75df8b9 h1:rdRhy+mx7Cim1JLHDYmesQ0ZuL6wM1wtlhSxWhTcwf8=
github.com/gethugothemes/hugo-modules/seo-tools/site-verifications v0.0.0-20230823074046-d7ebb75df8b9/go.mod h1:iXielaya126qJscz7Bc2G2WB91moloQOoWru6UoBUyE=
github.com/gethugothemes/hugo-modules/shortcodes/button v0.0.0-20230823074046-d7ebb75df8b9 h1:SccNVT+/rVC80cAlWOTZUlNsjmqYEphO0dhcExV6jaU=
github.com/gethugothemes/hugo-modules/shortcodes/button v0.0.0-20230823074046-d7ebb75df8b9/go.mod h1:MSvxGvjvcGUKTs6YMATU/9kYFrzW+VSVdy4CCOQLdsY=
github.com/gethugothemes/hugo-modules/shortcodes/codepen v0.0.0-20230823074046-d7ebb75df8b9 h1:tnsZyDnIqvLkx3aqSMfb6XSRT71W/dm+0UJqEM8vcko=
github.com/gethugothemes/hugo-modules/shortcodes/codepen v0.0.0-20230823074046-d7ebb75df8b9/go.mod h1:Y4eAJ7fkCSC6k6fl1+qF4DIoRepAYyB9Om4kBCAixcg=
github.com/gethugothemes/hugo-modules/shortcodes/notice v0.0.0-20230823074046-d7ebb75df8b9 h1:ZaixocoNZVK8jdfG1GvlAm04Lwh+howl2fBXX1OnnNc=
github.com/gethugothemes/hugo-modules/shortcodes/notice v0.0.0-20230823074046-d7ebb75df8b9/go.mod h1:ljWyMJx82WA+6SlKjbGFhEdxcriyvUTCjXkJHDa4lho=
github.com/gethugothemes/hugo-modules/tab v0.0.0-20230823074046-d7ebb75df8b9 h1:hMyWT6bmhHMJJla58IYE6xvXfXjqcUn8R4GEZL64D4w=
github.com/gethugothemes/hugo-modules/tab v0.0.0-20230823074046-d7ebb75df8b9/go.mod h1:h3UxlxrFoU19JldxWLPBKaTZFe3AJtABrqo1wfxr+Ng=
github.com/gethugothemes/hugo-modules/table-of-contents v0.0.0-20230823074046-d7ebb75df8b9 h1:dq5YI64O9quw0a+yQt+dWtEVVwXnMHrbKhEQYqk6sAQ=
github.com/gethugothemes/hugo-modules/table-of-contents v0.0.0-20230823074046-d7ebb75df8b9/go.mod h1:bEDw4veccQQQYEdVrfu13ATRUWfW8ptDIjJZuhYh4Tw=
github.com/gethugothemes/hugo-modules/videos v0.0.0-20230823074046-d7ebb75df8b9 h1:hNMkJI75hhs8KHjOD/h+SCg6RtIR/UVvdteeac+YYFg=
github.com/gethugothemes/hugo-modules/videos v0.0.0-20230823074046-d7ebb75df8b9/go.mod h1:P722lLWdnNhdZVq6gvMrOLqECUwrAYQWaOWlChta5H0=
github.com/gohugoio/hugo-mod-bootstrap-scss/v5 v5.20300.20003 h1:pt/JGVD5YYRsVVijOHPZI6YKTUvbR4e0hgV9B0S6rbI=
github.com/gohugoio/hugo-mod-bootstrap-scss/v5 v5.20300.20003/go.mod h1:mvM05r93HiefwoaxQTaYiJxtJAhTebwQtU1Xh/J+Okk=
github.com/gohugoio/hugo-mod-jslibs-dist/popperjs/v2 v2.21100.20000/go.mod h1:mFberT6ZtcchrsDtfvJM7aAH2bDKLdOnruUHl0hlapI=
github.com/twbs/bootstrap v5.3.0+incompatible/go.mod h1:fZTSrkpSf0/HkL0IIJzvVspTt1r9zuf7XlZau8kpcY0=
